
Microsoft Visual Studio Solution File, Format Version 12.00
# Visual Studio 15
VisualStudioVersion = 15.0.28307.572
MinimumVisualStudioVersion = 10.0.40219.1
Project("{FAE04EC0-301F-11D3-BF4B-00C04F79EFBC}") = "Explorer", "Explorer\Explorer.csproj", "{F1D8CAED-3B53-4C87-87DA-84468EDD099B}"
EndProject
Global
	GlobalSection(SolutionConfigurationPlatforms) = preSolution
		Debug|Any CPU = Debug|Any CPU
		Release|Any CPU = Release|Any CPU
	EndGlobalSection
	GlobalSection(ProjectConfigurationPlatforms) = postSolution
		{F1D8CAED-3B53-4C87-87DA-84468EDD099B}.Debug|Any CPU.ActiveCfg = Debug|Any CPU
		{F1D8CAED-3B53-4C87-87DA-84468EDD099B}.Debug|Any CPU.Build.0 = Debug|Any CPU
		{F1D8CAED-3B53-4C87-87DA-84468EDD099B}.Release|Any CPU.ActiveCfg = Release|Any CPU
		{F1D8CAED-3B53-4C87-87DA-84468EDD099B}.Release|Any CPU.Build.0 = Release|Any CPU
	EndGlobalSection
	GlobalSection(SolutionProperties) = preSolution
		HideSolutionNode = FALSE
	EndGlobalSection
	GlobalSection(ExtensibilityGlobals) = postSolution
		SolutionGuid = {320A26E1-2748-4B26-9983-1F053AFAE5A9}
	EndGlobalSection
EndGlobal
