
Microsoft Visual Studio Solution File, Format Version 12.00
# Visual Studio 15
VisualStudioVersion = 15.0.28307.572
MinimumVisualStudioVersion = 10.0.40219.1
Project("{FAE04EC0-301F-11D3-BF4B-00C04F79EFBC}") = "WindowsFormsApp3", "WindowsFormsApp3\WindowsFormsApp3.csproj", "{979BB18A-7F81-4355-BE02-6536EF2BAD5E}"
EndProject
Global
	GlobalSection(SolutionConfigurationPlatforms) = preSolution
		Debug|Any CPU = Debug|Any CPU
		Release|Any CPU = Release|Any CPU
	EndGlobalSection
	GlobalSection(ProjectConfigurationPlatforms) = postSolution
		{979BB18A-7F81-4355-BE02-6536EF2BAD5E}.Debug|Any CPU.ActiveCfg = Debug|Any CPU
		{979BB18A-7F81-4355-BE02-6536EF2BAD5E}.Debug|Any CPU.Build.0 = Debug|Any CPU
		{979BB18A-7F81-4355-BE02-6536EF2BAD5E}.Release|Any CPU.ActiveCfg = Release|Any CPU
		{979BB18A-7F81-4355-BE02-6536EF2BAD5E}.Release|Any CPU.Build.0 = Release|Any CPU
	EndGlobalSection
	GlobalSection(SolutionProperties) = preSolution
		HideSolutionNode = FALSE
	EndGlobalSection
	GlobalSection(ExtensibilityGlobals) = postSolution
		SolutionGuid = {139827B7-E2A8-4EF3-ACC0-A9F9D60A8EC8}
	EndGlobalSection
EndGlobal
