
Microsoft Visual Studio Solution File, Format Version 12.00
# Visual Studio 15
VisualStudioVersion = 15.0.27428.2037
MinimumVisualStudioVersion = 10.0.40219.1
Project("{8BC9CEB8-8B4A-11D0-8D11-00A0C91BC942}") = "Project9", "Project9.vcxproj", "{F06A7FDA-6A73-43D7-8F7A-6DB4B77FEB9A}"
EndProject
Global
	GlobalSection(SolutionConfigurationPlatforms) = preSolution
		Debug|x64 = Debug|x64
		Debug|x86 = Debug|x86
		Release|x64 = Release|x64
		Release|x86 = Release|x86
	EndGlobalSection
	GlobalSection(ProjectConfigurationPlatforms) = postSolution
		{F06A7FDA-6A73-43D7-8F7A-6DB4B77FEB9A}.Debug|x64.ActiveCfg = Debug|x64
		{F06A7FDA-6A73-43D7-8F7A-6DB4B77FEB9A}.Debug|x64.Build.0 = Debug|x64
		{F06A7FDA-6A73-43D7-8F7A-6DB4B77FEB9A}.Debug|x86.ActiveCfg = Debug|Win32
		{F06A7FDA-6A73-43D7-8F7A-6DB4B77FEB9A}.Debug|x86.Build.0 = Debug|Win32
		{F06A7FDA-6A73-43D7-8F7A-6DB4B77FEB9A}.Release|x64.ActiveCfg = Release|x64
		{F06A7FDA-6A73-43D7-8F7A-6DB4B77FEB9A}.Release|x64.Build.0 = Release|x64
		{F06A7FDA-6A73-43D7-8F7A-6DB4B77FEB9A}.Release|x86.ActiveCfg = Release|Win32
		{F06A7FDA-6A73-43D7-8F7A-6DB4B77FEB9A}.Release|x86.Build.0 = Release|Win32
	EndGlobalSection
	GlobalSection(SolutionProperties) = preSolution
		HideSolutionNode = FALSE
	EndGlobalSection
	GlobalSection(ExtensibilityGlobals) = postSolution
		SolutionGuid = {970A0423-F74F-4D0D-9C8B-AE5751A9DB46}
	EndGlobalSection
EndGlobal
